
Microsoft Visual Studio Solution File, Format Version 12.00
# Visual Studio Version 17
VisualStudioVersion = 17.8.34330.188
MinimumVisualStudioVersion = 10.0.40219.1
Project("{FAE04EC0-301F-11D3-BF4B-00C04F79EFBC}") = "Rabbit.Net", "Rabbit.Net\Rabbit.Net.csproj", "{922192FD-B7E2-4CD6-A6B6-6E40AD5C939F}"
EndProject
Project("{FAE04EC0-301F-11D3-BF4B-00C04F79EFBC}") = "Publisher", "Publisher\Publisher.csproj", "{E9AE6115-8F58-4A71-B019-9B2C9D2B0C12}"
EndProject
Project("{FAE04EC0-301F-11D3-BF4B-00C04F79EFBC}") = "Consumer", "Consumer\Consumer.csproj", "{32F4FCC5-C557-4678-AE9A-A3BB194B852F}"
EndProject
Global
	GlobalSection(SolutionConfigurationPlatforms) = preSolution
		Debug|Any CPU = Debug|Any CPU
		Release|Any CPU = Release|Any CPU
	EndGlobalSection
	GlobalSection(ProjectConfigurationPlatforms) = postSolution
		{922192FD-B7E2-4CD6-A6B6-6E40AD5C939F}.Debug|Any CPU.ActiveCfg = Debug|Any CPU
		{922192FD-B7E2-4CD6-A6B6-6E40AD5C939F}.Debug|Any CPU.Build.0 = Debug|Any CPU
		{922192FD-B7E2-4CD6-A6B6-6E40AD5C939F}.Release|Any CPU.ActiveCfg = Release|Any CPU
		{922192FD-B7E2-4CD6-A6B6-6E40AD5C939F}.Release|Any CPU.Build.0 = Release|Any CPU
		{E9AE6115-8F58-4A71-B019-9B2C9D2B0C12}.Debug|Any CPU.ActiveCfg = Debug|Any CPU
		{E9AE6115-8F58-4A71-B019-9B2C9D2B0C12}.Debug|Any CPU.Build.0 = Debug|Any CPU
		{E9AE6115-8F58-4A71-B019-9B2C9D2B0C12}.Release|Any CPU.ActiveCfg = Release|Any CPU
		{E9AE6115-8F58-4A71-B019-9B2C9D2B0C12}.Release|Any CPU.Build.0 = Release|Any CPU
		{32F4FCC5-C557-4678-AE9A-A3BB194B852F}.Debug|Any CPU.ActiveCfg = Debug|Any CPU
		{32F4FCC5-C557-4678-AE9A-A3BB194B852F}.Debug|Any CPU.Build.0 = Debug|Any CPU
		{32F4FCC5-C557-4678-AE9A-A3BB194B852F}.Release|Any CPU.ActiveCfg = Release|Any CPU
		{32F4FCC5-C557-4678-AE9A-A3BB194B852F}.Release|Any CPU.Build.0 = Release|Any CPU
	EndGlobalSection
	GlobalSection(SolutionProperties) = preSolution
		HideSolutionNode = FALSE
	EndGlobalSection
	GlobalSection(ExtensibilityGlobals) = postSolution
		SolutionGuid = {D5C44083-3F34-4259-BE86-CC1177ABCAF9}
	EndGlobalSection
EndGlobal
